// !$*UTF8*$!
{
	archiveVersion = 1;
	classes = {
	};
	objectVersion = 50;
	objects = {

/* Begin PBXBuildFile section */
		635653A124B45E960065DB3E /* AppDelegate.swift in Sources */ = {isa = PBXBuildFile; fileRef = 635653A024B45E960065DB3E /* AppDelegate.swift */; };
		635653A324B45E960065DB3E /* SceneDelegate.swift in Sources */ = {isa = PBXBuildFile; fileRef = 635653A224B45E960065DB3E /* SceneDelegate.swift */; };
		635653A524B45E960065DB3E /* ViewController.swift in Sources */ = {isa = PBXBuildFile; fileRef = 635653A424B45E960065DB3E /* ViewController.swift */; };
		635653A824B45E970065DB3E /* Main.storyboard in Resources */ = {isa = PBXBuildFile; fileRef = 635653A624B45E970065DB3E /* Main.storyboard */; };
		635653AA24B45E990065DB3E /* Assets.xcassets in Resources */ = {isa = PBXBuildFile; fileRef = 635653A924B45E990065DB3E /* Assets.xcassets */; };
		635653AD24B45E990065DB3E /* LaunchScreen.storyboard in Resources */ = {isa = PBXBuildFile; fileRef = 635653AB24B45E990065DB3E /* LaunchScreen.storyboard */; };
		635653B824B45E990065DB3E /* BlockBoomboxTests.swift in Sources */ = {isa = PBXBuildFile; fileRef = 635653B724B45E990065DB3E /* BlockBoomboxTests.swift */; };
		635653C324B45E990065DB3E /* BlockBoomboxUITests.swift in Sources */ = {isa = PBXBuildFile; fileRef = 635653C224B45E990065DB3E /* BlockBoomboxUITests.swift */; };
		635653D424B45FFA0065DB3E /* BluetoothPeripheral.swift in Sources */ = {isa = PBXBuildFile; fileRef = 635653D324B45FFA0065DB3E /* BluetoothPeripheral.swift */; };
		635653D624B46D180065DB3E /* HM10.swift in Sources */ = {isa = PBXBuildFile; fileRef = 635653D524B46D180065DB3E /* HM10.swift */; };
/* End PBXBuildFile section */

/* Begin PBXContainerItemProxy section */
		635653B424B45E990065DB3E /* PBXContainerItemProxy */ = {
			isa = PBXContainerItemProxy;
			containerPortal = 6356539524B45E960065DB3E /* Project object */;
			proxyType = 1;
			remoteGlobalIDString = 6356539C24B45E960065DB3E;
			remoteInfo = BlockBoombox;
		};
		635653BF24B45E990065DB3E /* PBXContainerItemProxy */ = {
			isa = PBXContainerItemProxy;
			containerPortal = 6356539524B45E960065DB3E /* Project object */;
			proxyType = 1;
			remoteGlobalIDString = 6356539C24B45E960065DB3E;
			remoteInfo = BlockBoombox;
		};
/* End PBXContainerItemProxy section */

/* Begin PBXFileReference section */
		6356539D24B45E960065DB3E /* BlockBoombox.app */ = {isa = PBXFileReference; explicitFileType = wrapper.application; includeInIndex = 0; path = BlockBoombox.app; sourceTree = BUILT_PRODUCTS_DIR; };
		635653A024B45E960065DB3E /* AppDelegate.swift */ = {isa = PBXFileReference; lastKnownFileType = sourcecode.swift; path = AppDelegate.swift; sourceTree = "<group>"; };
		635653A224B45E960065DB3E /* SceneDelegate.swift */ = {isa = PBXFileReference; lastKnownFileType = sourcecode.swift; path = SceneDelegate.swift; sourceTree = "<group>"; };
		635653A424B45E960065DB3E /* ViewController.swift */ = {isa = PBXFileReference; lastKnownFileType = sourcecode.swift; path = ViewController.swift; sourceTree = "<group>"; };
		635653A724B45E970065DB3E /* Base */ = {isa = PBXFileReference; lastKnownFileType = file.storyboard; name = Base; path = Base.lproj/Main.storyboard; sourceTree = "<group>"; };
		635653A924B45E990065DB3E /* Assets.xcassets */ = {isa = PBXFileReference; lastKnownFileType = folder.assetcatalog; path = Assets.xcassets; sourceTree = "<group>"; };
		635653AC24B45E990065DB3E /* Base */ = {isa = PBXFileReference; lastKnownFileType = file.storyboard; name = Base; path = Base.lproj/LaunchScreen.storyboard; sourceTree = "<group>"; };
		635653AE24B45E990065DB3E /* Info.plist */ = {isa = PBXFileReference; lastKnownFileType = text.plist.xml; path = Info.plist; sourceTree = "<group>"; };
		635653B324B45E990065DB3E /* BlockBoomboxTests.xctest */ = {isa = PBXFileReference; explicitFileType = wrapper.cfbundle; includeInIndex = 0; path = BlockBoomboxTests.xctest; sourceTree = BUILT_PRODUCTS_DIR; };
		635653B724B45E990065DB3E /* BlockBoomboxTests.swift */ = {isa = PBXFileReference; lastKnownFileType = sourcecode.swift; path = BlockBoomboxTests.swift; sourceTree = "<group>"; };
		635653B924B45E990065DB3E /* Info.plist */ = {isa = PBXFileReference; lastKnownFileType = text.plist.xml; path = Info.plist; sourceTree = "<group>"; };
		635653BE24B45E990065DB3E /* BlockBoomboxUITests.xctest */ = {isa = PBXFileReference; explicitFileType = wrapper.cfbundle; includeInIndex = 0; path = BlockBoomboxUITests.xctest; sourceTree = BUILT_PRODUCTS_DIR; };
		635653C224B45E990065DB3E /* BlockBoomboxUITests.swift */ = {isa = PBXFileReference; lastKnownFileType = sourcecode.swift; path = BlockBoomboxUITests.swift; sourceTree = "<group>"; };
		635653C424B45E990065DB3E /* Info.plist */ = {isa = PBXFileReference; lastKnownFileType = text.plist.xml; path = Info.plist; sourceTree = "<group>"; };
		635653D124B45F820065DB3E /* CoreBluetooth.framework */ = {isa = PBXFileReference; lastKnownFileType = wrapper.framework; name = CoreBluetooth.framework; path = System/Library/Frameworks/CoreBluetooth.framework; sourceTree = SDKROOT; };
		635653D324B45FFA0065DB3E /* BluetoothPeripheral.swift */ = {isa = PBXFileReference; lastKnownFileType = sourcecode.swift; path = BluetoothPeripheral.swift; sourceTree = "<group>"; };
		635653D524B46D180065DB3E /* HM10.swift */ = {isa = PBXFileReference; lastKnownFileType = sourcecode.swift; path = HM10.swift; sourceTree = "<group>"; };
/* End PBXFileReference section */

/* Begin PBXFrameworksBuildPhase section */
		6356539A24B45E960065DB3E /* Frameworks */ = {
			isa = PBXFrameworksBuildPhase;
			buildActionMask = 2147483647;
			files = (
			);
			runOnlyForDeploymentPostprocessing = 0;
		};
		635653B024B45E990065DB3E /* Frameworks */ = {
			isa = PBXFrameworksBuildPhase;
			buildActionMask = 2147483647;
			files = (
			);
			runOnlyForDeploymentPostprocessing = 0;
		};
		635653BB24B45E990065DB3E /* Frameworks */ = {
			isa = PBXFrameworksBuildPhase;
			buildActionMask = 2147483647;
			files = (
			);
			runOnlyForDeploymentPostprocessing = 0;
		};
/* End PBXFrameworksBuildPhase section */

/* Begin PBXGroup section */
		6356539424B45E960065DB3E = {
			isa = PBXGroup;
			children = (
				6356539F24B45E960065DB3E /* BlockBoombox */,
				635653B624B45E990065DB3E /* BlockBoomboxTests */,
				635653C124B45E990065DB3E /* BlockBoomboxUITests */,
				6356539E24B45E960065DB3E /* Products */,
				635653D024B45F810065DB3E /* Frameworks */,
			);
			sourceTree = "<group>";
		};
		6356539E24B45E960065DB3E /* Products */ = {
			isa = PBXGroup;
			children = (
				6356539D24B45E960065DB3E /* BlockBoombox.app */,
				635653B324B45E990065DB3E /* BlockBoomboxTests.xctest */,
				635653BE24B45E990065DB3E /* BlockBoomboxUITests.xctest */,
			);
			name = Products;
			sourceTree = "<group>";
		};
		6356539F24B45E960065DB3E /* BlockBoombox */ = {
			isa = PBXGroup;
			children = (
				635653AE24B45E990065DB3E /* Info.plist */,
				635653A424B45E960065DB3E /* ViewController.swift */,
				635653D324B45FFA0065DB3E /* BluetoothPeripheral.swift */,
				635653D524B46D180065DB3E /* HM10.swift */,
				635653D724B46D410065DB3E /* Supporting Files */,
			);
			path = BlockBoombox;
			sourceTree = "<group>";
		};
		635653B624B45E990065DB3E /* BlockBoomboxTests */ = {
			isa = PBXGroup;
			children = (
				635653B724B45E990065DB3E /* BlockBoomboxTests.swift */,
				635653B924B45E990065DB3E /* Info.plist */,
			);
			path = BlockBoomboxTests;
			sourceTree = "<group>";
		};
		635653C124B45E990065DB3E /* BlockBoomboxUITests */ = {
			isa = PBXGroup;
			children = (
				635653C224B45E990065DB3E /* BlockBoomboxUITests.swift */,
				635653C424B45E990065DB3E /* Info.plist */,
			);
			path = BlockBoomboxUITests;
			sourceTree = "<group>";
		};
		635653D024B45F810065DB3E /* Frameworks */ = {
			isa = PBXGroup;
			children = (
				635653D124B45F820065DB3E /* CoreBluetooth.framework */,
			);
			name = Frameworks;
			sourceTree = "<group>";
		};
		635653D724B46D410065DB3E /* Supporting Files */ = {
			isa = PBXGroup;
			children = (
				635653A024B45E960065DB3E /* AppDelegate.swift */,
				635653A224B45E960065DB3E /* SceneDelegate.swift */,
				635653A924B45E990065DB3E /* Assets.xcassets */,
				635653AB24B45E990065DB3E /* LaunchScreen.storyboard */,
				635653A624B45E970065DB3E /* Main.storyboard */,
			);
			path = "Supporting Files";
			sourceTree = "<group>";
		};
/* End PBXGroup section */

/* Begin PBXNativeTarget section */
		6356539C24B45E960065DB3E /* BlockBoombox */ = {
			isa = PBXNativeTarget;
			buildConfigurationList = 635653C724B45E990065DB3E /* Build configuration list for PBXNativeTarget "BlockBoombox" */;
			buildPhases = (
				6356539924B45E960065DB3E /* Sources */,
				6356539A24B45E960065DB3E /* Frameworks */,
				6356539B24B45E960065DB3E /* Resources */,
				6377C73524B5A350007E11C0 /* ShellScript */,
			);
			buildRules = (
			);
			dependencies = (
			);
			name = BlockBoombox;
			productName = BlockBoombox;
			productReference = 6356539D24B45E960065DB3E /* BlockBoombox.app */;
			productType = "com.apple.product-type.application";
		};
		635653B224B45E990065DB3E /* BlockBoomboxTests */ = {
			isa = PBXNativeTarget;
			buildConfigurationList = 635653CA24B45E990065DB3E /* Build configuration list for PBXNativeTarget "BlockBoomboxTests" */;
			buildPhases = (
				635653AF24B45E990065DB3E /* Sources */,
				635653B024B45E990065DB3E /* Frameworks */,
				635653B124B45E990065DB3E /* Resources */,
			);
			buildRules = (
			);
			dependencies = (
				635653B524B45E990065DB3E /* PBXTargetDependency */,
			);
			name = BlockBoomboxTests;
			productName = BlockBoomboxTests;
			productReference = 635653B324B45E990065DB3E /* BlockBoomboxTests.xctest */;
			productType = "com.apple.product-type.bundle.unit-test";
		};
		635653BD24B45E990065DB3E /* BlockBoomboxUITests */ = {
			isa = PBXNativeTarget;
			buildConfigurationList = 635653CD24B45E990065DB3E /* Build configuration list for PBXNativeTarget "BlockBoomboxUITests" */;
			buildPhases = (
				635653BA24B45E990065DB3E /* Sources */,
				635653BB24B45E990065DB3E /* Frameworks */,
				635653BC24B45E990065DB3E /* Resources */,
			);
			buildRules = (
			);
			dependencies = (
				635653C024B45E990065DB3E /* PBXTargetDependency */,
			);
			name = BlockBoomboxUITests;
			productName = BlockBoomboxUITests;
			productReference = 635653BE24B45E990065DB3E /* BlockBoomboxUITests.xctest */;
			productType = "com.apple.product-type.bundle.ui-testing";
		};
/* End PBXNativeTarget section */

/* Begin PBXProject section */
		6356539524B45E960065DB3E /* Project object */ = {
			isa = PBXProject;
			attributes = {
				LastSwiftUpdateCheck = 1150;
				LastUpgradeCheck = 1150;
				ORGANIZATIONNAME = "DAVID HUANG";
				TargetAttributes = {
					6356539C24B45E960065DB3E = {
						CreatedOnToolsVersion = 11.5;
					};
					635653B224B45E990065DB3E = {
						CreatedOnToolsVersion = 11.5;
						TestTargetID = 6356539C24B45E960065DB3E;
					};
					635653BD24B45E990065DB3E = {
						CreatedOnToolsVersion = 11.5;
						TestTargetID = 6356539C24B45E960065DB3E;
					};
				};
			};
			buildConfigurationList = 6356539824B45E960065DB3E /* Build configuration list for PBXProject "BlockBoombox" */;
			compatibilityVersion = "Xcode 9.3";
			developmentRegion = en;
			hasScannedForEncodings = 0;
			knownRegions = (
				en,
				Base,
			);
			mainGroup = 6356539424B45E960065DB3E;
			productRefGroup = 6356539E24B45E960065DB3E /* Products */;
			projectDirPath = "";
			projectRoot = "";
			targets = (
				6356539C24B45E960065DB3E /* BlockBoombox */,
				635653B224B45E990065DB3E /* BlockBoomboxTests */,
				635653BD24B45E990065DB3E /* BlockBoomboxUITests */,
			);
		};
/* End PBXProject section */

/* Begin PBXResourcesBuildPhase section */
		6356539B24B45E960065DB3E /* Resources */ = {
			isa = PBXResourcesBuildPhase;
			buildActionMask = 2147483647;
			files = (
				635653AD24B45E990065DB3E /* LaunchScreen.storyboard in Resources */,
				635653AA24B45E990065DB3E /* Assets.xcassets in Resources */,
				635653A824B45E970065DB3E /* Main.storyboard in Resources */,
			);
			runOnlyForDeploymentPostprocessing = 0;
		};
		635653B124B45E990065DB3E /* Resources */ = {
			isa = PBXResourcesBuildPhase;
			buildActionMask = 2147483647;
			files = (
			);
			runOnlyForDeploymentPostprocessing = 0;
		};
		635653BC24B45E990065DB3E /* Resources */ = {
			isa = PBXResourcesBuildPhase;
			buildActionMask = 2147483647;
			files = (
			);
			runOnlyForDeploymentPostprocessing = 0;
		};
/* End PBXResourcesBuildPhase section */

/* Begin PBXShellScriptBuildPhase section */
		6377C73524B5A350007E11C0 /* ShellScript */ = {
			isa = PBXShellScriptBuildPhase;
			buildActionMask = 2147483647;
			files = (
			);
			inputFileListPaths = (
			);
			inputPaths = (
			);
			outputFileListPaths = (
			);
			outputPaths = (
			);
			runOnlyForDeploymentPostprocessing = 0;
			shellPath = /bin/sh;
			shellScript = "if which swiftlint >/dev/null; then\n  swiftlint\nelse\n  echo \"warning: SwiftLint not installed, download from https://github.com/realm/SwiftLint\"\nfi\n\n";
		};
/* End PBXShellScriptBuildPhase section */

/* Begin PBXSourcesBuildPhase section */
		6356539924B45E960065DB3E /* Sources */ = {
			isa = PBXSourcesBuildPhase;
			buildActionMask = 2147483647;
			files = (
				635653D424B45FFA0065DB3E /* BluetoothPeripheral.swift in Sources */,
				635653A524B45E960065DB3E /* ViewController.swift in Sources */,
				635653D624B46D180065DB3E /* HM10.swift in Sources */,
				635653A124B45E960065DB3E /* AppDelegate.swift in Sources */,
				635653A324B45E960065DB3E /* SceneDelegate.swift in Sources */,
			);
			runOnlyForDeploymentPostprocessing = 0;
		};
		635653AF24B45E990065DB3E /* Sources */ = {
			isa = PBXSourcesBuildPhase;
			buildActionMask = 2147483647;
			files = (
				635653B824B45E990065DB3E /* BlockBoomboxTests.swift in Sources */,
			);
			runOnlyForDeploymentPostprocessing = 0;
		};
		635653BA24B45E990065DB3E /* Sources */ = {
			isa = PBXSourcesBuildPhase;
			buildActionMask = 2147483647;
			files = (
				635653C324B45E990065DB3E /* BlockBoomboxUITests.swift in Sources */,
			);
			runOnlyForDeploymentPostprocessing = 0;
		};
/* End PBXSourcesBuildPhase section */

/* Begin PBXTargetDependency section */
		635653B524B45E990065DB3E /* PBXTargetDependency */ = {
			isa = PBXTargetDependency;
			target = 6356539C24B45E960065DB3E /* BlockBoombox */;
			targetProxy = 635653B424B45E990065DB3E /* PBXContainerItemProxy */;
		};
		635653C024B45E990065DB3E /* PBXTargetDependency */ = {
			isa = PBXTargetDependency;
			target = 6356539C24B45E960065DB3E /* BlockBoombox */;
			targetProxy = 635653BF24B45E990065DB3E /* PBXContainerItemProxy */;
		};
/* End PBXTargetDependency section */

/* Begin PBXVariantGroup section */
		635653A624B45E970065DB3E /* Main.storyboard */ = {
			isa = PBXVariantGroup;
			children = (
				635653A724B45E970065DB3E /* Base */,
			);
			name = Main.storyboard;
			sourceTree = "<group>";
		};
		635653AB24B45E990065DB3E /* LaunchScreen.storyboard */ = {
			isa = PBXVariantGroup;
			children = (
				635653AC24B45E990065DB3E /* Base */,
			);
			name = LaunchScreen.storyboard;
			sourceTree = "<group>";
		};
/* End PBXVariantGroup section */

/* Begin XCBuildConfiguration section */
		635653C524B45E990065DB3E /* Debug */ = {
			isa = XCBuildConfiguration;
			buildSettings = {
				ALWAYS_SEARCH_USER_PATHS = NO;
				CLANG_ANALYZER_NONNULL = YES;
				CLANG_ANALYZER_NUMBER_OBJECT_CONVERSION = YES_AGGRESSIVE;
				CLANG_CXX_LANGUAGE_STANDARD = "gnu++14";
				CLANG_CXX_LIBRARY = "libc++";
				CLANG_ENABLE_MODULES = YES;
				CLANG_ENABLE_OBJC_ARC = YES;
				CLANG_ENABLE_OBJC_WEAK = YES;
				CLANG_WARN_BLOCK_CAPTURE_AUTORELEASING = YES;
				CLANG_WARN_BOOL_CONVERSION = YES;
				CLANG_WARN_COMMA = YES;
				CLANG_WARN_CONSTANT_CONVERSION = YES;
				CLANG_WARN_DEPRECATED_OBJC_IMPLEMENTATIONS = YES;
				CLANG_WARN_DIRECT_OBJC_ISA_USAGE = YES_ERROR;
				CLANG_WARN_DOCUMENTATION_COMMENTS = YES;
				CLANG_WARN_EMPTY_BODY = YES;
				CLANG_WARN_ENUM_CONVERSION = YES;
				CLANG_WARN_INFINITE_RECURSION = YES;
				CLANG_WARN_INT_CONVERSION = YES;
				CLANG_WARN_NON_LITERAL_NULL_CONVERSION = YES;
				CLANG_WARN_OBJC_IMPLICIT_RETAIN_SELF = YES;
				CLANG_WARN_OBJC_LITERAL_CONVERSION = YES;
				CLANG_WARN_OBJC_ROOT_CLASS = YES_ERROR;
				CLANG_WARN_RANGE_LOOP_ANALYSIS = YES;
				CLANG_WARN_STRICT_PROTOTYPES = YES;
				CLANG_WARN_SUSPICIOUS_MOVE = YES;
				CLANG_WARN_UNGUARDED_AVAILABILITY = YES_AGGRESSIVE;
				CLANG_WARN_UNREACHABLE_CODE = YES;
				CLANG_WARN__DUPLICATE_METHOD_MATCH = YES;
				COPY_PHASE_STRIP = NO;
				DEBUG_INFORMATION_FORMAT = dwarf;
				ENABLE_STRICT_OBJC_MSGSEND = YES;
				ENABLE_TESTABILITY = YES;
				GCC_C_LANGUAGE_STANDARD = gnu11;
				GCC_DYNAMIC_NO_PIC = NO;
				GCC_NO_COMMON_BLOCKS = YES;
				GCC_OPTIMIZATION_LEVEL = 0;
				GCC_PREPROCESSOR_DEFINITIONS = (
					"DEBUG=1",
					"$(inherited)",
				);
				GCC_WARN_64_TO_32_BIT_CONVERSION = YES;
				GCC_WARN_ABOUT_RETURN_TYPE = YES_ERROR;
				GCC_WARN_UNDECLARED_SELECTOR = YES;
				GCC_WARN_UNINITIALIZED_AUTOS = YES_AGGRESSIVE;
				GCC_WARN_UNUSED_FUNCTION = YES;
				GCC_WARN_UNUSED_VARIABLE = YES;
				IPHONEOS_DEPLOYMENT_TARGET = 13.5;
				MTL_ENABLE_DEBUG_INFO = INCLUDE_SOURCE;
				MTL_FAST_MATH = YES;
				ONLY_ACTIVE_ARCH = YES;
				SDKROOT = iphoneos;
				SWIFT_ACTIVE_COMPILATION_CONDITIONS = DEBUG;
				SWIFT_OPTIMIZATION_LEVEL = "-Onone";
			};
			name = Debug;
		};
		635653C624B45E990065DB3E /* Release */ = {
			isa = XCBuildConfiguration;
			buildSettings = {
				ALWAYS_SEARCH_USER_PATHS = NO;
				CLANG_ANALYZER_NONNULL = YES;
				CLANG_ANALYZER_NUMBER_OBJECT_CONVERSION = YES_AGGRESSIVE;
				CLANG_CXX_LANGUAGE_STANDARD = "gnu++14";
				CLANG_CXX_LIBRARY = "libc++";
				CLANG_ENABLE_MODULES = YES;
				CLANG_ENABLE_OBJC_ARC = YES;
				CLANG_ENABLE_OBJC_WEAK = YES;
				CLANG_WARN_BLOCK_CAPTURE_AUTORELEASING = YES;
				CLANG_WARN_BOOL_CONVERSION = YES;
				CLANG_WARN_COMMA = YES;
				CLANG_WARN_CONSTANT_CONVERSION = YES;
				CLANG_WARN_DEPRECATED_OBJC_IMPLEMENTATIONS = YES;
				CLANG_WARN_DIRECT_OBJC_ISA_USAGE = YES_ERROR;
				CLANG_WARN_DOCUMENTATION_COMMENTS = YES;
				CLANG_WARN_EMPTY_BODY = YES;
				CLANG_WARN_ENUM_CONVERSION = YES;
				CLANG_WARN_INFINITE_RECURSION = YES;
				CLANG_WARN_INT_CONVERSION = YES;
				CLANG_WARN_NON_LITERAL_NULL_CONVERSION = YES;
				CLANG_WARN_OBJC_IMPLICIT_RETAIN_SELF = YES;
				CLANG_WARN_OBJC_LITERAL_CONVERSION = YES;
				CLANG_WARN_OBJC_ROOT_CLASS = YES_ERROR;
				CLANG_WARN_RANGE_LOOP_ANALYSIS = YES;
				CLANG_WARN_STRICT_PROTOTYPES = YES;
				CLANG_WARN_SUSPICIOUS_MOVE = YES;
				CLANG_WARN_UNGUARDED_AVAILABILITY = YES_AGGRESSIVE;
				CLANG_WARN_UNREACHABLE_CODE = YES;
				CLANG_WARN__DUPLICATE_METHOD_MATCH = YES;
				COPY_PHASE_STRIP = NO;
				DEBUG_INFORMATION_FORMAT = "dwarf-with-dsym";
				ENABLE_NS_ASSERTIONS = NO;
				ENABLE_STRICT_OBJC_MSGSEND = YES;
				GCC_C_LANGUAGE_STANDARD = gnu11;
				GCC_NO_COMMON_BLOCKS = YES;
				GCC_WARN_64_TO_32_BIT_CONVERSION = YES;
				GCC_WARN_ABOUT_RETURN_TYPE = YES_ERROR;
				GCC_WARN_UNDECLARED_SELECTOR = YES;
				GCC_WARN_UNINITIALIZED_AUTOS = YES_AGGRESSIVE;
				GCC_WARN_UNUSED_FUNCTION = YES;
				GCC_WARN_UNUSED_VARIABLE = YES;
				IPHONEOS_DEPLOYMENT_TARGET = 13.5;
				MTL_ENABLE_DEBUG_INFO = NO;
				MTL_FAST_MATH = YES;
				SDKROOT = iphoneos;
				SWIFT_COMPILATION_MODE = wholemodule;
				SWIFT_OPTIMIZATION_LEVEL = "-O";
				VALIDATE_PRODUCT = YES;
			};
			name = Release;
		};
		635653C824B45E990065DB3E /* Debug */ = {
			isa = XCBuildConfiguration;
			buildSettings = {
				ASSETCATALOG_COMPILER_APPICON_NAME = AppIcon;
				CODE_SIGN_STYLE = Automatic;
				DEVELOPMENT_TEAM = 5F9YSVH8J7;
				INFOPLIST_FILE = BlockBoombox/Info.plist;
				LD_RUNPATH_SEARCH_PATHS = (
					"$(inherited)",
					"@executable_path/Frameworks",
				);
				PRODUCT_BUNDLE_IDENTIFIER = com..BlockBoombox;
				PRODUCT_NAME = "$(TARGET_NAME)";
				SWIFT_VERSION = 5.0;
				TARGETED_DEVICE_FAMILY = "1,2";
			};
			name = Debug;
		};
		635653C924B45E990065DB3E /* Release */ = {
			isa = XCBuildConfiguration;
			buildSettings = {
				ASSETCATALOG_COMPILER_APPICON_NAME = AppIcon;
				CODE_SIGN_STYLE = Automatic;
				DEVELOPMENT_TEAM = 5F9YSVH8J7;
				INFOPLIST_FILE = BlockBoombox/Info.plist;
				LD_RUNPATH_SEARCH_PATHS = (
					"$(inherited)",
					"@executable_path/Frameworks",
				);
				PRODUCT_BUNDLE_IDENTIFIER = com..BlockBoombox;
				PRODUCT_NAME = "$(TARGET_NAME)";
				SWIFT_VERSION = 5.0;
				TARGETED_DEVICE_FAMILY = "1,2";
			};
			name = Release;
		};
		635653CB24B45E990065DB3E /* Debug */ = {
			isa = XCBuildConfiguration;
			buildSettings = {
				ALWAYS_EMBED_SWIFT_STANDARD_LIBRARIES = YES;
				BUNDLE_LOADER = "$(TEST_HOST)";
				CODE_SIGN_STYLE = Automatic;
				INFOPLIST_FILE = BlockBoomboxTests/Info.plist;
				IPHONEOS_DEPLOYMENT_TARGET = 13.5;
				LD_RUNPATH_SEARCH_PATHS = (
					"$(inherited)",
					"@executable_path/Frameworks",
					"@loader_path/Frameworks",
				);
				PRODUCT_BUNDLE_IDENTIFIER = com..BlockBoomboxTests;
				PRODUCT_NAME = "$(TARGET_NAME)";
				SWIFT_VERSION = 5.0;
				TARGETED_DEVICE_FAMILY = "1,2";
				TEST_HOST = "$(BUILT_PRODUCTS_DIR)/BlockBoombox.app/BlockBoombox";
			};
			name = Debug;
		};
		635653CC24B45E990065DB3E /* Release */ = {
			isa = XCBuildConfiguration;
			buildSettings = {
				ALWAYS_EMBED_SWIFT_STANDARD_LIBRARIES = YES;
				BUNDLE_LOADER = "$(TEST_HOST)";
				CODE_SIGN_STYLE = Automatic;
				INFOPLIST_FILE = BlockBoomboxTests/Info.plist;
				IPHONEOS_DEPLOYMENT_TARGET = 13.5;
				LD_RUNPATH_SEARCH_PATHS = (
					"$(inherited)",
					"@executable_path/Frameworks",
					"@loader_path/Frameworks",
				);
				PRODUCT_BUNDLE_IDENTIFIER = com..BlockBoomboxTests;
				PRODUCT_NAME = "$(TARGET_NAME)";
				SWIFT_VERSION = 5.0;
				TARGETED_DEVICE_FAMILY = "1,2";
				TEST_HOST = "$(BUILT_PRODUCTS_DIR)/BlockBoombox.app/BlockBoombox";
			};
			name = Release;
		};
		635653CE24B45E990065DB3E /* Debug */ = {
			isa = XCBuildConfiguration;
			buildSettings = {
				ALWAYS_EMBED_SWIFT_STANDARD_LIBRARIES = YES;
				CODE_SIGN_STYLE = Automatic;
				INFOPLIST_FILE = BlockBoomboxUITests/Info.plist;
				LD_RUNPATH_SEARCH_PATHS = (
					"$(inherited)",
					"@executable_path/Frameworks",
					"@loader_path/Frameworks",
				);
				PRODUCT_BUNDLE_IDENTIFIER = com..BlockBoomboxUITests;
				PRODUCT_NAME = "$(TARGET_NAME)";
				SWIFT_VERSION = 5.0;
				TARGETED_DEVICE_FAMILY = "1,2";
				TEST_TARGET_NAME = BlockBoombox;
			};
			name = Debug;
		};
		635653CF24B45E990065DB3E /* Release */ = {
			isa = XCBuildConfiguration;
			buildSettings = {
				ALWAYS_EMBED_SWIFT_STANDARD_LIBRARIES = YES;
				CODE_SIGN_STYLE = Automatic;
				INFOPLIST_FILE = BlockBoomboxUITests/Info.plist;
				LD_RUNPATH_SEARCH_PATHS = (
					"$(inherited)",
					"@executable_path/Frameworks",
					"@loader_path/Frameworks",
				);
				PRODUCT_BUNDLE_IDENTIFIER = com..BlockBoomboxUITests;
				PRODUCT_NAME = "$(TARGET_NAME)";
				SWIFT_VERSION = 5.0;
				TARGETED_DEVICE_FAMILY = "1,2";
				TEST_TARGET_NAME = BlockBoombox;
			};
			name = Release;
		};
/* End XCBuildConfiguration section */

/* Begin XCConfigurationList section */
		6356539824B45E960065DB3E /* Build configuration list for PBXProject "BlockBoombox" */ = {
			isa = XCConfigurationList;
			buildConfigurations = (
				635653C524B45E990065DB3E /* Debug */,
				635653C624B45E990065DB3E /* Release */,
			);
			defaultConfigurationIsVisible = 0;
			defaultConfigurationName = Release;
		};
		635653C724B45E990065DB3E /* Build configuration list for PBXNativeTarget "BlockBoombox" */ = {
			isa = XCConfigurationList;
			buildConfigurations = (
				635653C824B45E990065DB3E /* Debug */,
				635653C924B45E990065DB3E /* Release */,
			);
			defaultConfigurationIsVisible = 0;
			defaultConfigurationName = Release;
		};
		635653CA24B45E990065DB3E /* Build configuration list for PBXNativeTarget "BlockBoomboxTests" */ = {
			isa = XCConfigurationList;
			buildConfigurations = (
				635653CB24B45E990065DB3E /* Debug */,
				635653CC24B45E990065DB3E /* Release */,
			);
			defaultConfigurationIsVisible = 0;
			defaultConfigurationName = Release;
		};
		635653CD24B45E990065DB3E /* Build configuration list for PBXNativeTarget "BlockBoomboxUITests" */ = {
			isa = XCConfigurationList;
			buildConfigurations = (
				635653CE24B45E990065DB3E /* Debug */,
				635653CF24B45E990065DB3E /* Release */,
			);
			defaultConfigurationIsVisible = 0;
			defaultConfigurationName = Release;
		};
/* End XCConfigurationList section */
	};
	rootObject = 6356539524B45E960065DB3E /* Project object */;
}
